// !$*UTF8*$!
{
	archiveVersion = 1;
	classes = {
	};
	objectVersion = 56;
	objects = {

/* Begin PBXBuildFile section */
		5AE111E52C3F6CEF0077696F /* AppDelegate.swift in Sources */ = {isa = PBXBuildFile; fileRef = 5AE111E42C3F6CEF0077696F /* AppDelegate.swift */; };
		5AE111E72C3F6CEF0077696F /* SceneDelegate.swift in Sources */ = {isa = PBXBuildFile; fileRef = 5AE111E62C3F6CEF0077696F /* SceneDelegate.swift */; };
		5AE111EA2C3F6CEF0077696F /* Base in Resources */ = {isa = PBXBuildFile; fileRef = 5AE111E92C3F6CEF0077696F /* Base */; };
		5AE111ED2C3F6CEF0077696F /* Base in Resources */ = {isa = PBXBuildFile; fileRef = 5AE111EC2C3F6CEF0077696F /* Base */; };
		5AE111F62C3F6CEF0077696F /* AppDelegate.swift in Sources */ = {isa = PBXBuildFile; fileRef = 5AE111F52C3F6CEF0077696F /* AppDelegate.swift */; };
		5AE111F92C3F6CEF0077696F /* Base in Resources */ = {isa = PBXBuildFile; fileRef = 5AE111F82C3F6CEF0077696F /* Base */; };
		5AE112002C3F6CEF0077696F /* FreediumInSafari Extension.appex in Embed Foundation Extensions */ = {isa = PBXBuildFile; fileRef = 5AE111FF2C3F6CEF0077696F /* FreediumInSafari Extension.appex */; settings = {ATTRIBUTES = (RemoveHeadersOnCopy, ); }; };
		5AE1120A2C3F6CEF0077696F /* FreediumInSafari Extension.appex in Embed Foundation Extensions */ = {isa = PBXBuildFile; fileRef = 5AE112092C3F6CEF0077696F /* FreediumInSafari Extension.appex */; settings = {ATTRIBUTES = (RemoveHeadersOnCopy, ); }; };
		5AE112102C3F6CEF0077696F /* Base in Resources */ = {isa = PBXBuildFile; fileRef = 5AE111CC2C3F6CEC0077696F /* Base */; };
		5AE112112C3F6CEF0077696F /* Base in Resources */ = {isa = PBXBuildFile; fileRef = 5AE111CC2C3F6CEC0077696F /* Base */; };
		5AE112122C3F6CEF0077696F /* Icon.png in Resources */ = {isa = PBXBuildFile; fileRef = 5AE111CD2C3F6CEC0077696F /* Icon.png */; };
		5AE112132C3F6CEF0077696F /* Icon.png in Resources */ = {isa = PBXBuildFile; fileRef = 5AE111CD2C3F6CEC0077696F /* Icon.png */; };
		5AE112142C3F6CEF0077696F /* Style.css in Resources */ = {isa = PBXBuildFile; fileRef = 5AE111CE2C3F6CEC0077696F /* Style.css */; };
		5AE112152C3F6CEF0077696F /* Style.css in Resources */ = {isa = PBXBuildFile; fileRef = 5AE111CE2C3F6CEC0077696F /* Style.css */; };
		5AE112162C3F6CEF0077696F /* Script.js in Resources */ = {isa = PBXBuildFile; fileRef = 5AE111CF2C3F6CEC0077696F /* Script.js */; };
		5AE112172C3F6CEF0077696F /* Script.js in Resources */ = {isa = PBXBuildFile; fileRef = 5AE111CF2C3F6CEC0077696F /* Script.js */; };
		5AE112182C3F6CEF0077696F /* ViewController.swift in Sources */ = {isa = PBXBuildFile; fileRef = 5AE111D02C3F6CEC0077696F /* ViewController.swift */; };
		5AE112192C3F6CEF0077696F /* ViewController.swift in Sources */ = {isa = PBXBuildFile; fileRef = 5AE111D02C3F6CEC0077696F /* ViewController.swift */; };
		5AE1121A2C3F6CEF0077696F /* Assets.xcassets in Resources */ = {isa = PBXBuildFile; fileRef = 5AE111D12C3F6CEF0077696F /* Assets.xcassets */; };
		5AE1121B2C3F6CEF0077696F /* Assets.xcassets in Resources */ = {isa = PBXBuildFile; fileRef = 5AE111D12C3F6CEF0077696F /* Assets.xcassets */; };
		5AE1121C2C3F6CEF0077696F /* SafariWebExtensionHandler.swift in Sources */ = {isa = PBXBuildFile; fileRef = 5AE111D32C3F6CEF0077696F /* SafariWebExtensionHandler.swift */; };
		5AE1121D2C3F6CEF0077696F /* SafariWebExtensionHandler.swift in Sources */ = {isa = PBXBuildFile; fileRef = 5AE111D32C3F6CEF0077696F /* SafariWebExtensionHandler.swift */; };
		5AE1121E2C3F6CEF0077696F /* _locales in Resources */ = {isa = PBXBuildFile; fileRef = 5AE111D52C3F6CEF0077696F /* _locales */; };
		5AE1121F2C3F6CEF0077696F /* _locales in Resources */ = {isa = PBXBuildFile; fileRef = 5AE111D52C3F6CEF0077696F /* _locales */; };
		5AE112202C3F6CEF0077696F /* images in Resources */ = {isa = PBXBuildFile; fileRef = 5AE111D62C3F6CEF0077696F /* images */; };
		5AE112212C3F6CEF0077696F /* images in Resources */ = {isa = PBXBuildFile; fileRef = 5AE111D62C3F6CEF0077696F /* images */; };
		5AE112222C3F6CEF0077696F /* manifest.json in Resources */ = {isa = PBXBuildFile; fileRef = 5AE111D72C3F6CEF0077696F /* manifest.json */; };
		5AE112232C3F6CEF0077696F /* manifest.json in Resources */ = {isa = PBXBuildFile; fileRef = 5AE111D72C3F6CEF0077696F /* manifest.json */; };
		5AE112242C3F6CEF0077696F /* background.js in Resources */ = {isa = PBXBuildFile; fileRef = 5AE111D82C3F6CEF0077696F /* background.js */; };
		5AE112252C3F6CEF0077696F /* background.js in Resources */ = {isa = PBXBuildFile; fileRef = 5AE111D82C3F6CEF0077696F /* background.js */; };
		5AE112262C3F6CEF0077696F /* content.js in Resources */ = {isa = PBXBuildFile; fileRef = 5AE111D92C3F6CEF0077696F /* content.js */; };
		5AE112272C3F6CEF0077696F /* content.js in Resources */ = {isa = PBXBuildFile; fileRef = 5AE111D92C3F6CEF0077696F /* content.js */; };
		5AE112282C3F6CEF0077696F /* popup.html in Resources */ = {isa = PBXBuildFile; fileRef = 5AE111DA2C3F6CEF0077696F /* popup.html */; };
		5AE112292C3F6CEF0077696F /* popup.html in Resources */ = {isa = PBXBuildFile; fileRef = 5AE111DA2C3F6CEF0077696F /* popup.html */; };
		5AE1122A2C3F6CEF0077696F /* popup.css in Resources */ = {isa = PBXBuildFile; fileRef = 5AE111DB2C3F6CEF0077696F /* popup.css */; };
		5AE1122B2C3F6CEF0077696F /* popup.css in Resources */ = {isa = PBXBuildFile; fileRef = 5AE111DB2C3F6CEF0077696F /* popup.css */; };
		5AE1122C2C3F6CEF0077696F /* popup.js in Resources */ = {isa = PBXBuildFile; fileRef = 5AE111DC2C3F6CEF0077696F /* popup.js */; };
		5AE1122D2C3F6CEF0077696F /* popup.js in Resources */ = {isa = PBXBuildFile; fileRef = 5AE111DC2C3F6CEF0077696F /* popup.js */; };
/* End PBXBuildFile section */

/* Begin PBXContainerItemProxy section */
		5AE112012C3F6CEF0077696F /* PBXContainerItemProxy */ = {
			isa = PBXContainerItemProxy;
			containerPortal = 5AE111C52C3F6CEB0077696F /* Project object */;
			proxyType = 1;
			remoteGlobalIDString = 5AE111FE2C3F6CEF0077696F;
			remoteInfo = "FreediumInSafari Extension (iOS)";
		};
		5AE1120B2C3F6CEF0077696F /* PBXContainerItemProxy */ = {
			isa = PBXContainerItemProxy;
			containerPortal = 5AE111C52C3F6CEB0077696F /* Project object */;
			proxyType = 1;
			remoteGlobalIDString = 5AE112082C3F6CEF0077696F;
			remoteInfo = "FreediumInSafari Extension (macOS)";
		};
/* End PBXContainerItemProxy section */

/* Begin PBXCopyFilesBuildPhase section */
		5AE112332C3F6CEF0077696F /* Embed Foundation Extensions */ = {
			isa = PBXCopyFilesBuildPhase;
			buildActionMask = 2147483647;
			dstPath = "";
			dstSubfolderSpec = 13;
			files = (
				5AE112002C3F6CEF0077696F /* FreediumInSafari Extension.appex in Embed Foundation Extensions */,
			);
			name = "Embed Foundation Extensions";
			runOnlyForDeploymentPostprocessing = 0;
		};
		5AE1123A2C3F6CEF0077696F /* Embed Foundation Extensions */ = {
			isa = PBXCopyFilesBuildPhase;
			buildActionMask = 2147483647;
			dstPath = "";
			dstSubfolderSpec = 13;
			files = (
				5AE1120A2C3F6CEF0077696F /* FreediumInSafari Extension.appex in Embed Foundation Extensions */,
			);
			name = "Embed Foundation Extensions";
			runOnlyForDeploymentPostprocessing = 0;
		};
/* End PBXCopyFilesBuildPhase section */

/* Begin PBXFileReference section */
		5AE111CC2C3F6CEC0077696F /* Base */ = {isa = PBXFileReference; lastKnownFileType = text.html; name = Base; path = ../Base.lproj/Main.html; sourceTree = "<group>"; };
		5AE111CD2C3F6CEC0077696F /* Icon.png */ = {isa = PBXFileReference; lastKnownFileType = image.png; path = Icon.png; sourceTree = "<group>"; };
		5AE111CE2C3F6CEC0077696F /* Style.css */ = {isa = PBXFileReference; lastKnownFileType = text.css; path = Style.css; sourceTree = "<group>"; };
		5AE111CF2C3F6CEC0077696F /* Script.js */ = {isa = PBXFileReference; lastKnownFileType = sourcecode.javascript; path = Script.js; sourceTree = "<group>"; };
		5AE111D02C3F6CEC0077696F /* ViewController.swift */ = {isa = PBXFileReference; lastKnownFileType = sourcecode.swift; path = ViewController.swift; sourceTree = "<group>"; };
		5AE111D12C3F6CEF0077696F /* Assets.xcassets */ = {isa = PBXFileReference; lastKnownFileType = folder.assetcatalog; path = Assets.xcassets; sourceTree = "<group>"; };
		5AE111D32C3F6CEF0077696F /* SafariWebExtensionHandler.swift */ = {isa = PBXFileReference; lastKnownFileType = sourcecode.swift; path = SafariWebExtensionHandler.swift; sourceTree = "<group>"; };
		5AE111D52C3F6CEF0077696F /* _locales */ = {isa = PBXFileReference; lastKnownFileType = folder; path = _locales; sourceTree = "<group>"; };
		5AE111D62C3F6CEF0077696F /* images */ = {isa = PBXFileReference; lastKnownFileType = folder; path = images; sourceTree = "<group>"; };
		5AE111D72C3F6CEF0077696F /* manifest.json */ = {isa = PBXFileReference; lastKnownFileType = text.json; path = manifest.json; sourceTree = "<group>"; };
		5AE111D82C3F6CEF0077696F /* background.js */ = {isa = PBXFileReference; lastKnownFileType = sourcecode.javascript; path = background.js; sourceTree = "<group>"; };
		5AE111D92C3F6CEF0077696F /* content.js */ = {isa = PBXFileReference; lastKnownFileType = sourcecode.javascript; path = content.js; sourceTree = "<group>"; };
		5AE111DA2C3F6CEF0077696F /* popup.html */ = {isa = PBXFileReference; lastKnownFileType = text.html; path = popup.html; sourceTree = "<group>"; };
		5AE111DB2C3F6CEF0077696F /* popup.css */ = {isa = PBXFileReference; lastKnownFileType = text.css; path = popup.css; sourceTree = "<group>"; };
		5AE111DC2C3F6CEF0077696F /* popup.js */ = {isa = PBXFileReference; lastKnownFileType = sourcecode.javascript; path = popup.js; sourceTree = "<group>"; };
		5AE111E12C3F6CEF0077696F /* FreediumInSafari.app */ = {isa = PBXFileReference; explicitFileType = wrapper.application; includeInIndex = 0; path = FreediumInSafari.app; sourceTree = BUILT_PRODUCTS_DIR; };
		5AE111E42C3F6CEF0077696F /* AppDelegate.swift */ = {isa = PBXFileReference; lastKnownFileType = sourcecode.swift; path = AppDelegate.swift; sourceTree = "<group>"; };
		5AE111E62C3F6CEF0077696F /* SceneDelegate.swift */ = {isa = PBXFileReference; lastKnownFileType = sourcecode.swift; path = SceneDelegate.swift; sourceTree = "<group>"; };
		5AE111E92C3F6CEF0077696F /* Base */ = {isa = PBXFileReference; lastKnownFileType = file.storyboard; name = Base; path = Base.lproj/LaunchScreen.storyboard; sourceTree = "<group>"; };
		5AE111EC2C3F6CEF0077696F /* Base */ = {isa = PBXFileReference; lastKnownFileType = file.storyboard; name = Base; path = Base.lproj/Main.storyboard; sourceTree = "<group>"; };
		5AE111EE2C3F6CEF0077696F /* Info.plist */ = {isa = PBXFileReference; lastKnownFileType = text.plist.xml; path = Info.plist; sourceTree = "<group>"; };
		5AE111F32C3F6CEF0077696F /* FreediumInSafari.app */ = {isa = PBXFileReference; explicitFileType = wrapper.application; includeInIndex = 0; path = FreediumInSafari.app; sourceTree = BUILT_PRODUCTS_DIR; };
		5AE111F52C3F6CEF0077696F /* AppDelegate.swift */ = {isa = PBXFileReference; lastKnownFileType = sourcecode.swift; path = AppDelegate.swift; sourceTree = "<group>"; };
		5AE111F82C3F6CEF0077696F /* Base */ = {isa = PBXFileReference; lastKnownFileType = file.storyboard; name = Base; path = Base.lproj/Main.storyboard; sourceTree = "<group>"; };
		5AE111FA2C3F6CEF0077696F /* FreediumInSafari.entitlements */ = {isa = PBXFileReference; lastKnownFileType = text.plist.entitlements; path = FreediumInSafari.entitlements; sourceTree = "<group>"; };
		5AE111FF2C3F6CEF0077696F /* FreediumInSafari Extension.appex */ = {isa = PBXFileReference; explicitFileType = "wrapper.app-extension"; includeInIndex = 0; path = "FreediumInSafari Extension.appex"; sourceTree = BUILT_PRODUCTS_DIR; };
		5AE112042C3F6CEF0077696F /* Info.plist */ = {isa = PBXFileReference; lastKnownFileType = text.plist.xml; path = Info.plist; sourceTree = "<group>"; };
		5AE112092C3F6CEF0077696F /* FreediumInSafari Extension.appex */ = {isa = PBXFileReference; explicitFileType = "wrapper.app-extension"; includeInIndex = 0; path = "FreediumInSafari Extension.appex"; sourceTree = BUILT_PRODUCTS_DIR; };
		5AE1120E2C3F6CEF0077696F /* Info.plist */ = {isa = PBXFileReference; lastKnownFileType = text.plist.xml; path = Info.plist; sourceTree = "<group>"; };
		5AE1120F2C3F6CEF0077696F /* FreediumInSafari.entitlements */ = {isa = PBXFileReference; lastKnownFileType = text.plist.entitlements; path = FreediumInSafari.entitlements; sourceTree = "<group>"; };
/* End PBXFileReference section */

/* Begin PBXFrameworksBuildPhase section */
		5AE111DE2C3F6CEF0077696F /* Frameworks */ = {
			isa = PBXFrameworksBuildPhase;
			buildActionMask = 2147483647;
			files = (
			);
			runOnlyForDeploymentPostprocessing = 0;
		};
		5AE111F02C3F6CEF0077696F /* Frameworks */ = {
			isa = PBXFrameworksBuildPhase;
			buildActionMask = 2147483647;
			files = (
			);
			runOnlyForDeploymentPostprocessing = 0;
		};
		5AE111FC2C3F6CEF0077696F /* Frameworks */ = {
			isa = PBXFrameworksBuildPhase;
			buildActionMask = 2147483647;
			files = (
			);
			runOnlyForDeploymentPostprocessing = 0;
		};
		5AE112062C3F6CEF0077696F /* Frameworks */ = {
			isa = PBXFrameworksBuildPhase;
			buildActionMask = 2147483647;
			files = (
			);
			runOnlyForDeploymentPostprocessing = 0;
		};
/* End PBXFrameworksBuildPhase section */

/* Begin PBXGroup section */
		5AE111C42C3F6CEB0077696F = {
			isa = PBXGroup;
			children = (
				5AE111C92C3F6CEC0077696F /* Shared (App) */,
				5AE111D22C3F6CEF0077696F /* Shared (Extension) */,
				5AE111E32C3F6CEF0077696F /* iOS (App) */,
				5AE111F42C3F6CEF0077696F /* macOS (App) */,
				5AE112032C3F6CEF0077696F /* iOS (Extension) */,
				5AE1120D2C3F6CEF0077696F /* macOS (Extension) */,
				5AE111E22C3F6CEF0077696F /* Products */,
			);
			sourceTree = "<group>";
		};
		5AE111C92C3F6CEC0077696F /* Shared (App) */ = {
			isa = PBXGroup;
			children = (
				5AE111D02C3F6CEC0077696F /* ViewController.swift */,
				5AE111D12C3F6CEF0077696F /* Assets.xcassets */,
				5AE111CA2C3F6CEC0077696F /* Resources */,
			);
			path = "Shared (App)";
			sourceTree = "<group>";
		};
		5AE111CA2C3F6CEC0077696F /* Resources */ = {
			isa = PBXGroup;
			children = (
				5AE111CB2C3F6CEC0077696F /* Main.html */,
				5AE111CD2C3F6CEC0077696F /* Icon.png */,
				5AE111CE2C3F6CEC0077696F /* Style.css */,
				5AE111CF2C3F6CEC0077696F /* Script.js */,
			);
			path = Resources;
			sourceTree = "<group>";
		};
		5AE111D22C3F6CEF0077696F /* Shared (Extension) */ = {
			isa = PBXGroup;
			children = (
				5AE111D32C3F6CEF0077696F /* SafariWebExtensionHandler.swift */,
				5AE111D42C3F6CEF0077696F /* Resources */,
			);
			path = "Shared (Extension)";
			sourceTree = "<group>";
		};
		5AE111D42C3F6CEF0077696F /* Resources */ = {
			isa = PBXGroup;
			children = (
				5AE111D52C3F6CEF0077696F /* _locales */,
				5AE111D62C3F6CEF0077696F /* images */,
				5AE111D72C3F6CEF0077696F /* manifest.json */,
				5AE111D82C3F6CEF0077696F /* background.js */,
				5AE111D92C3F6CEF0077696F /* content.js */,
				5AE111DA2C3F6CEF0077696F /* popup.html */,
				5AE111DB2C3F6CEF0077696F /* popup.css */,
				5AE111DC2C3F6CEF0077696F /* popup.js */,
			);
			path = Resources;
			sourceTree = "<group>";
		};
		5AE111E22C3F6CEF0077696F /* Products */ = {
			isa = PBXGroup;
			children = (
				5AE111E12C3F6CEF0077696F /* FreediumInSafari.app */,
				5AE111F32C3F6CEF0077696F /* FreediumInSafari.app */,
				5AE111FF2C3F6CEF0077696F /* FreediumInSafari Extension.appex */,
				5AE112092C3F6CEF0077696F /* FreediumInSafari Extension.appex */,
			);
			name = Products;
			sourceTree = "<group>";
		};
		5AE111E32C3F6CEF0077696F /* iOS (App) */ = {
			isa = PBXGroup;
			children = (
				5AE111E42C3F6CEF0077696F /* AppDelegate.swift */,
				5AE111E62C3F6CEF0077696F /* SceneDelegate.swift */,
				5AE111E82C3F6CEF0077696F /* LaunchScreen.storyboard */,
				5AE111EB2C3F6CEF0077696F /* Main.storyboard */,
				5AE111EE2C3F6CEF0077696F /* Info.plist */,
			);
			path = "iOS (App)";
			sourceTree = "<group>";
		};
		5AE111F42C3F6CEF0077696F /* macOS (App) */ = {
			isa = PBXGroup;
			children = (
				5AE111F52C3F6CEF0077696F /* AppDelegate.swift */,
				5AE111F72C3F6CEF0077696F /* Main.storyboard */,
				5AE111FA2C3F6CEF0077696F /* FreediumInSafari.entitlements */,
			);
			path = "macOS (App)";
			sourceTree = "<group>";
		};
		5AE112032C3F6CEF0077696F /* iOS (Extension) */ = {
			isa = PBXGroup;
			children = (
				5AE112042C3F6CEF0077696F /* Info.plist */,
			);
			path = "iOS (Extension)";
			sourceTree = "<group>";
		};
		5AE1120D2C3F6CEF0077696F /* macOS (Extension) */ = {
			isa = PBXGroup;
			children = (
				5AE1120E2C3F6CEF0077696F /* Info.plist */,
				5AE1120F2C3F6CEF0077696F /* FreediumInSafari.entitlements */,
			);
			path = "macOS (Extension)";
			sourceTree = "<group>";
		};
/* End PBXGroup section */

/* Begin PBXNativeTarget section */
		5AE111E02C3F6CEF0077696F /* FreediumInSafari (iOS) */ = {
			isa = PBXNativeTarget;
			buildConfigurationList = 5AE112342C3F6CEF0077696F /* Build configuration list for PBXNativeTarget "FreediumInSafari (iOS)" */;
			buildPhases = (
				5AE111DD2C3F6CEF0077696F /* Sources */,
				5AE111DE2C3F6CEF0077696F /* Frameworks */,
				5AE111DF2C3F6CEF0077696F /* Resources */,
				5AE112332C3F6CEF0077696F /* Embed Foundation Extensions */,
			);
			buildRules = (
			);
			dependencies = (
				5AE112022C3F6CEF0077696F /* PBXTargetDependency */,
			);
			name = "FreediumInSafari (iOS)";
			productName = "FreediumInSafari (iOS)";
			productReference = 5AE111E12C3F6CEF0077696F /* FreediumInSafari.app */;
			productType = "com.apple.product-type.application";
		};
		5AE111F22C3F6CEF0077696F /* FreediumInSafari (macOS) */ = {
			isa = PBXNativeTarget;
			buildConfigurationList = 5AE1123B2C3F6CEF0077696F /* Build configuration list for PBXNativeTarget "FreediumInSafari (macOS)" */;
			buildPhases = (
				5AE111EF2C3F6CEF0077696F /* Sources */,
				5AE111F02C3F6CEF0077696F /* Frameworks */,
				5AE111F12C3F6CEF0077696F /* Resources */,
				5AE1123A2C3F6CEF0077696F /* Embed Foundation Extensions */,
			);
			buildRules = (
			);
			dependencies = (
				5AE1120C2C3F6CEF0077696F /* PBXTargetDependency */,
			);
			name = "FreediumInSafari (macOS)";
			productName = "FreediumInSafari (macOS)";
			productReference = 5AE111F32C3F6CEF0077696F /* FreediumInSafari.app */;
			productType = "com.apple.product-type.application";
		};
		5AE111FE2C3F6CEF0077696F /* FreediumInSafari Extension (iOS) */ = {
			isa = PBXNativeTarget;
			buildConfigurationList = 5AE112302C3F6CEF0077696F /* Build configuration list for PBXNativeTarget "FreediumInSafari Extension (iOS)" */;
			buildPhases = (
				5AE111FB2C3F6CEF0077696F /* Sources */,
				5AE111FC2C3F6CEF0077696F /* Frameworks */,
				5AE111FD2C3F6CEF0077696F /* Resources */,
			);
			buildRules = (
			);
			dependencies = (
			);
			name = "FreediumInSafari Extension (iOS)";
			productName = "FreediumInSafari Extension (iOS)";
			productReference = 5AE111FF2C3F6CEF0077696F /* FreediumInSafari Extension.appex */;
			productType = "com.apple.product-type.app-extension";
		};
		5AE112082C3F6CEF0077696F /* FreediumInSafari Extension (macOS) */ = {
			isa = PBXNativeTarget;
			buildConfigurationList = 5AE112372C3F6CEF0077696F /* Build configuration list for PBXNativeTarget "FreediumInSafari Extension (macOS)" */;
			buildPhases = (
				5AE112052C3F6CEF0077696F /* Sources */,
				5AE112062C3F6CEF0077696F /* Frameworks */,
				5AE112072C3F6CEF0077696F /* Resources */,
			);
			buildRules = (
			);
			dependencies = (
			);
			name = "FreediumInSafari Extension (macOS)";
			productName = "FreediumInSafari Extension (macOS)";
			productReference = 5AE112092C3F6CEF0077696F /* FreediumInSafari Extension.appex */;
			productType = "com.apple.product-type.app-extension";
		};
/* End PBXNativeTarget section */

/* Begin PBXProject section */
		5AE111C52C3F6CEB0077696F /* Project object */ = {
			isa = PBXProject;
			attributes = {
				BuildIndependentTargetsInParallel = 1;
				LastSwiftUpdateCheck = 1540;
				LastUpgradeCheck = 1540;
				TargetAttributes = {
					5AE111E02C3F6CEF0077696F = {
						CreatedOnToolsVersion = 15.4;
					};
					5AE111F22C3F6CEF0077696F = {
						CreatedOnToolsVersion = 15.4;
					};
					5AE111FE2C3F6CEF0077696F = {
						CreatedOnToolsVersion = 15.4;
					};
					5AE112082C3F6CEF0077696F = {
						CreatedOnToolsVersion = 15.4;
					};
				};
			};
			buildConfigurationList = 5AE111C82C3F6CEB0077696F /* Build configuration list for PBXProject "FreediumInSafari" */;
			compatibilityVersion = "Xcode 14.0";
			developmentRegion = en;
			hasScannedForEncodings = 0;
			knownRegions = (
				en,
				Base,
			);
			mainGroup = 5AE111C42C3F6CEB0077696F;
			productRefGroup = 5AE111E22C3F6CEF0077696F /* Products */;
			projectDirPath = "";
			projectRoot = "";
			targets = (
				5AE111E02C3F6CEF0077696F /* FreediumInSafari (iOS) */,
				5AE111F22C3F6CEF0077696F /* FreediumInSafari (macOS) */,
				5AE111FE2C3F6CEF0077696F /* FreediumInSafari Extension (iOS) */,
				5AE112082C3F6CEF0077696F /* FreediumInSafari Extension (macOS) */,
			);
		};
/* End PBXProject section */

/* Begin PBXResourcesBuildPhase section */
		5AE111DF2C3F6CEF0077696F /* Resources */ = {
			isa = PBXResourcesBuildPhase;
			buildActionMask = 2147483647;
			files = (
				5AE112122C3F6CEF0077696F /* Icon.png in Resources */,
				5AE111EA2C3F6CEF0077696F /* Base in Resources */,
				5AE112102C3F6CEF0077696F /* Base in Resources */,
				5AE112162C3F6CEF0077696F /* Script.js in Resources */,
				5AE1121A2C3F6CEF0077696F /* Assets.xcassets in Resources */,
				5AE111ED2C3F6CEF0077696F /* Base in Resources */,
				5AE112142C3F6CEF0077696F /* Style.css in Resources */,
			);
			runOnlyForDeploymentPostprocessing = 0;
		};
		5AE111F12C3F6CEF0077696F /* Resources */ = {
			isa = PBXResourcesBuildPhase;
			buildActionMask = 2147483647;
			files = (
				5AE112132C3F6CEF0077696F /* Icon.png in Resources */,
				5AE112152C3F6CEF0077696F /* Style.css in Resources */,
				5AE111F92C3F6CEF0077696F /* Base in Resources */,
				5AE112172C3F6CEF0077696F /* Script.js in Resources */,
				5AE1121B2C3F6CEF0077696F /* Assets.xcassets in Resources */,
				5AE112112C3F6CEF0077696F /* Base in Resources */,
			);
			runOnlyForDeploymentPostprocessing = 0;
		};
		5AE111FD2C3F6CEF0077696F /* Resources */ = {
			isa = PBXResourcesBuildPhase;
			buildActionMask = 2147483647;
			files = (
				5AE112242C3F6CEF0077696F /* background.js in Resources */,
				5AE1122A2C3F6CEF0077696F /* popup.css in Resources */,
				5AE112282C3F6CEF0077696F /* popup.html in Resources */,
				5AE112202C3F6CEF0077696F /* images in Resources */,
				5AE112222C3F6CEF0077696F /* manifest.json in Resources */,
				5AE1121E2C3F6CEF0077696F /* _locales in Resources */,
				5AE112262C3F6CEF0077696F /* content.js in Resources */,
				5AE1122C2C3F6CEF0077696F /* popup.js in Resources */,
			);
			runOnlyForDeploymentPostprocessing = 0;
		};
		5AE112072C3F6CEF0077696F /* Resources */ = {
			isa = PBXResourcesBuildPhase;
			buildActionMask = 2147483647;
			files = (
				5AE112252C3F6CEF0077696F /* background.js in Resources */,
				5AE1122B2C3F6CEF0077696F /* popup.css in Resources */,
				5AE112292C3F6CEF0077696F /* popup.html in Resources */,
				5AE112212C3F6CEF0077696F /* images in Resources */,
				5AE112232C3F6CEF0077696F /* manifest.json in Resources */,
				5AE1121F2C3F6CEF0077696F /* _locales in Resources */,
				5AE112272C3F6CEF0077696F /* content.js in Resources */,
				5AE1122D2C3F6CEF0077696F /* popup.js in Resources */,
			);
			runOnlyForDeploymentPostprocessing = 0;
		};
/* End PBXResourcesBuildPhase section */

/* Begin PBXSourcesBuildPhase section */
		5AE111DD2C3F6CEF0077696F /* Sources */ = {
			isa = PBXSourcesBuildPhase;
			buildActionMask = 2147483647;
			files = (
				5AE112182C3F6CEF0077696F /* ViewController.swift in Sources */,
				5AE111E52C3F6CEF0077696F /* AppDelegate.swift in Sources */,
				5AE111E72C3F6CEF0077696F /* SceneDelegate.swift in Sources */,
			);
			runOnlyForDeploymentPostprocessing = 0;
		};
		5AE111EF2C3F6CEF0077696F /* Sources */ = {
			isa = PBXSourcesBuildPhase;
			buildActionMask = 2147483647;
			files = (
				5AE112192C3F6CEF0077696F /* ViewController.swift in Sources */,
				5AE111F62C3F6CEF0077696F /* AppDelegate.swift in Sources */,
			);
			runOnlyForDeploymentPostprocessing = 0;
		};
		5AE111FB2C3F6CEF0077696F /* Sources */ = {
			isa = PBXSourcesBuildPhase;
			buildActionMask = 2147483647;
			files = (
				5AE1121C2C3F6CEF0077696F /* SafariWebExtensionHandler.swift in Sources */,
			);
			runOnlyForDeploymentPostprocessing = 0;
		};
		5AE112052C3F6CEF0077696F /* Sources */ = {
			isa = PBXSourcesBuildPhase;
			buildActionMask = 2147483647;
			files = (
				5AE1121D2C3F6CEF0077696F /* SafariWebExtensionHandler.swift in Sources */,
			);
			runOnlyForDeploymentPostprocessing = 0;
		};
/* End PBXSourcesBuildPhase section */

/* Begin PBXTargetDependency section */
		5AE112022C3F6CEF0077696F /* PBXTargetDependency */ = {
			isa = PBXTargetDependency;
			target = 5AE111FE2C3F6CEF0077696F /* FreediumInSafari Extension (iOS) */;
			targetProxy = 5AE112012C3F6CEF0077696F /* PBXContainerItemProxy */;
		};
		5AE1120C2C3F6CEF0077696F /* PBXTargetDependency */ = {
			isa = PBXTargetDependency;
			target = 5AE112082C3F6CEF0077696F /* FreediumInSafari Extension (macOS) */;
			targetProxy = 5AE1120B2C3F6CEF0077696F /* PBXContainerItemProxy */;
		};
/* End PBXTargetDependency section */

/* Begin PBXVariantGroup section */
		5AE111CB2C3F6CEC0077696F /* Main.html */ = {
			isa = PBXVariantGroup;
			children = (
				5AE111CC2C3F6CEC0077696F /* Base */,
			);
			name = Main.html;
			sourceTree = "<group>";
		};
		5AE111E82C3F6CEF0077696F /* LaunchScreen.storyboard */ = {
			isa = PBXVariantGroup;
			children = (
				5AE111E92C3F6CEF0077696F /* Base */,
			);
			name = LaunchScreen.storyboard;
			sourceTree = "<group>";
		};
		5AE111EB2C3F6CEF0077696F /* Main.storyboard */ = {
			isa = PBXVariantGroup;
			children = (
				5AE111EC2C3F6CEF0077696F /* Base */,
			);
			name = Main.storyboard;
			sourceTree = "<group>";
		};
		5AE111F72C3F6CEF0077696F /* Main.storyboard */ = {
			isa = PBXVariantGroup;
			children = (
				5AE111F82C3F6CEF0077696F /* Base */,
			);
			name = Main.storyboard;
			sourceTree = "<group>";
		};
/* End PBXVariantGroup section */

/* Begin XCBuildConfiguration section */
		5AE1122E2C3F6CEF0077696F /* Debug */ = {
			isa = XCBuildConfiguration;
			buildSettings = {
				ALWAYS_SEARCH_USER_PATHS = NO;
				ASSETCATALOG_COMPILER_GENERATE_SWIFT_ASSET_SYMBOL_EXTENSIONS = YES;
				CLANG_ANALYZER_NONNULL = YES;
				CLANG_ANALYZER_NUMBER_OBJECT_CONVERSION = YES_AGGRESSIVE;
				CLANG_CXX_LANGUAGE_STANDARD = "gnu++20";
				CLANG_ENABLE_MODULES = YES;
				CLANG_ENABLE_OBJC_ARC = YES;
				CLANG_ENABLE_OBJC_WEAK = YES;
				CLANG_WARN_BLOCK_CAPTURE_AUTORELEASING = YES;
				CLANG_WARN_BOOL_CONVERSION = YES;
				CLANG_WARN_COMMA = YES;
				CLANG_WARN_CONSTANT_CONVERSION = YES;
				CLANG_WARN_DEPRECATED_OBJC_IMPLEMENTATIONS = YES;
				CLANG_WARN_DIRECT_OBJC_ISA_USAGE = YES_ERROR;
				CLANG_WARN_DOCUMENTATION_COMMENTS = YES;
				CLANG_WARN_EMPTY_BODY = YES;
				CLANG_WARN_ENUM_CONVERSION = YES;
				CLANG_WARN_INFINITE_RECURSION = YES;
				CLANG_WARN_INT_CONVERSION = YES;
				CLANG_WARN_NON_LITERAL_NULL_CONVERSION = YES;
				CLANG_WARN_OBJC_IMPLICIT_RETAIN_SELF = YES;
				CLANG_WARN_OBJC_LITERAL_CONVERSION = YES;
				CLANG_WARN_OBJC_ROOT_CLASS = YES_ERROR;
				CLANG_WARN_QUOTED_INCLUDE_IN_FRAMEWORK_HEADER = YES;
				CLANG_WARN_RANGE_LOOP_ANALYSIS = YES;
				CLANG_WARN_STRICT_PROTOTYPES = YES;
				CLANG_WARN_SUSPICIOUS_MOVE = YES;
				CLANG_WARN_UNGUARDED_AVAILABILITY = YES_AGGRESSIVE;
				CLANG_WARN_UNREACHABLE_CODE = YES;
				CLANG_WARN__DUPLICATE_METHOD_MATCH = YES;
				COPY_PHASE_STRIP = NO;
				DEBUG_INFORMATION_FORMAT = dwarf;
				ENABLE_STRICT_OBJC_MSGSEND = YES;
				ENABLE_TESTABILITY = YES;
				ENABLE_USER_SCRIPT_SANDBOXING = YES;
				GCC_C_LANGUAGE_STANDARD = gnu17;
				GCC_DYNAMIC_NO_PIC = NO;
				GCC_NO_COMMON_BLOCKS = YES;
				GCC_OPTIMIZATION_LEVEL = 0;
				GCC_PREPROCESSOR_DEFINITIONS = (
					"DEBUG=1",
					"$(inherited)",
				);
				GCC_WARN_64_TO_32_BIT_CONVERSION = YES;
				GCC_WARN_ABOUT_RETURN_TYPE = YES_ERROR;
				GCC_WARN_UNDECLARED_SELECTOR = YES;
				GCC_WARN_UNINITIALIZED_AUTOS = YES_AGGRESSIVE;
				GCC_WARN_UNUSED_FUNCTION = YES;
				GCC_WARN_UNUSED_VARIABLE = YES;
				LOCALIZATION_PREFERS_STRING_CATALOGS = YES;
				MTL_ENABLE_DEBUG_INFO = INCLUDE_SOURCE;
				MTL_FAST_MATH = YES;
				ONLY_ACTIVE_ARCH = YES;
				SWIFT_ACTIVE_COMPILATION_CONDITIONS = "DEBUG $(inherited)";
				SWIFT_OPTIMIZATION_LEVEL = "-Onone";
			};
			name = Debug;
		};
		5AE1122F2C3F6CEF0077696F /* Release */ = {
			isa = XCBuildConfiguration;
			buildSettings = {
				ALWAYS_SEARCH_USER_PATHS = NO;
				ASSETCATALOG_COMPILER_GENERATE_SWIFT_ASSET_SYMBOL_EXTENSIONS = YES;
				CLANG_ANALYZER_NONNULL = YES;
				CLANG_ANALYZER_NUMBER_OBJECT_CONVERSION = YES_AGGRESSIVE;
				CLANG_CXX_LANGUAGE_STANDARD = "gnu++20";
				CLANG_ENABLE_MODULES = YES;
				CLANG_ENABLE_OBJC_ARC = YES;
				CLANG_ENABLE_OBJC_WEAK = YES;
				CLANG_WARN_BLOCK_CAPTURE_AUTORELEASING = YES;
				CLANG_WARN_BOOL_CONVERSION = YES;
				CLANG_WARN_COMMA = YES;
				CLANG_WARN_CONSTANT_CONVERSION = YES;
				CLANG_WARN_DEPRECATED_OBJC_IMPLEMENTATIONS = YES;
				CLANG_WARN_DIRECT_OBJC_ISA_USAGE = YES_ERROR;
				CLANG_WARN_DOCUMENTATION_COMMENTS = YES;
				CLANG_WARN_EMPTY_BODY = YES;
				CLANG_WARN_ENUM_CONVERSION = YES;
				CLANG_WARN_INFINITE_RECURSION = YES;
				CLANG_WARN_INT_CONVERSION = YES;
				CLANG_WARN_NON_LITERAL_NULL_CONVERSION = YES;
				CLANG_WARN_OBJC_IMPLICIT_RETAIN_SELF = YES;
				CLANG_WARN_OBJC_LITERAL_CONVERSION = YES;
				CLANG_WARN_OBJC_ROOT_CLASS = YES_ERROR;
				CLANG_WARN_QUOTED_INCLUDE_IN_FRAMEWORK_HEADER = YES;
				CLANG_WARN_RANGE_LOOP_ANALYSIS = YES;
				CLANG_WARN_STRICT_PROTOTYPES = YES;
				CLANG_WARN_SUSPICIOUS_MOVE = YES;
				CLANG_WARN_UNGUARDED_AVAILABILITY = YES_AGGRESSIVE;
				CLANG_WARN_UNREACHABLE_CODE = YES;
				CLANG_WARN__DUPLICATE_METHOD_MATCH = YES;
				COPY_PHASE_STRIP = NO;
				DEBUG_INFORMATION_FORMAT = "dwarf-with-dsym";
				ENABLE_NS_ASSERTIONS = NO;
				ENABLE_STRICT_OBJC_MSGSEND = YES;
				ENABLE_USER_SCRIPT_SANDBOXING = YES;
				GCC_C_LANGUAGE_STANDARD = gnu17;
				GCC_NO_COMMON_BLOCKS = YES;
				GCC_WARN_64_TO_32_BIT_CONVERSION = YES;
				GCC_WARN_ABOUT_RETURN_TYPE = YES_ERROR;
				GCC_WARN_UNDECLARED_SELECTOR = YES;
				GCC_WARN_UNINITIALIZED_AUTOS = YES_AGGRESSIVE;
				GCC_WARN_UNUSED_FUNCTION = YES;
				GCC_WARN_UNUSED_VARIABLE = YES;
				LOCALIZATION_PREFERS_STRING_CATALOGS = YES;
				MTL_ENABLE_DEBUG_INFO = NO;
				MTL_FAST_MATH = YES;
				SWIFT_COMPILATION_MODE = wholemodule;
			};
			name = Release;
		};
		5AE112312C3F6CEF0077696F /* Debug */ = {
			isa = XCBuildConfiguration;
			buildSettings = {
				CODE_SIGN_STYLE = Automatic;
				CURRENT_PROJECT_VERSION = 1;
				DEVELOPMENT_TEAM = M88583872C;
				GENERATE_INFOPLIST_FILE = YES;
				INFOPLIST_FILE = "iOS (Extension)/Info.plist";
				INFOPLIST_KEY_CFBundleDisplayName = "FreediumInSafari Extension";
				INFOPLIST_KEY_NSHumanReadableCopyright = "";
				IPHONEOS_DEPLOYMENT_TARGET = 15.0;
				LD_RUNPATH_SEARCH_PATHS = (
					"$(inherited)",
					"@executable_path/Frameworks",
					"@executable_path/../../Frameworks",
				);
				MARKETING_VERSION = 1.0;
				OTHER_LDFLAGS = (
					"-framework",
					SafariServices,
				);
				PRODUCT_BUNDLE_IDENTIFIER = com.morganwang.freemediumpost.Extension;
				PRODUCT_NAME = "FreediumInSafari Extension";
				SDKROOT = iphoneos;
				SKIP_INSTALL = YES;
				SWIFT_EMIT_LOC_STRINGS = YES;
				SWIFT_VERSION = 5.0;
				TARGETED_DEVICE_FAMILY = "1,2";
			};
			name = Debug;
		};
		5AE112322C3F6CEF0077696F /* Release */ = {
			isa = XCBuildConfiguration;
			buildSettings = {
				CODE_SIGN_STYLE = Automatic;
				CURRENT_PROJECT_VERSION = 1;
				DEVELOPMENT_TEAM = M88583872C;
				GENERATE_INFOPLIST_FILE = YES;
				INFOPLIST_FILE = "iOS (Extension)/Info.plist";
				INFOPLIST_KEY_CFBundleDisplayName = "FreediumInSafari Extension";
				INFOPLIST_KEY_NSHumanReadableCopyright = "";
				IPHONEOS_DEPLOYMENT_TARGET = 15.0;
				LD_RUNPATH_SEARCH_PATHS = (
					"$(inherited)",
					"@executable_path/Frameworks",
					"@executable_path/../../Frameworks",
				);
				MARKETING_VERSION = 1.0;
				OTHER_LDFLAGS = (
					"-framework",
					SafariServices,
				);
				PRODUCT_BUNDLE_IDENTIFIER = com.morganwang.freemediumpost.Extension;
				PRODUCT_NAME = "FreediumInSafari Extension";
				SDKROOT = iphoneos;
				SKIP_INSTALL = YES;
				SWIFT_EMIT_LOC_STRINGS = YES;
				SWIFT_VERSION = 5.0;
				TARGETED_DEVICE_FAMILY = "1,2";
				VALIDATE_PRODUCT = YES;
			};
			name = Release;
		};
		5AE112352C3F6CEF0077696F /* Debug */ = {
			isa = XCBuildConfiguration;
			buildSettings = {
				ALWAYS_EMBED_SWIFT_STANDARD_LIBRARIES = YES;
				ASSETCATALOG_COMPILER_APPICON_NAME = AppIcon;
				ASSETCATALOG_COMPILER_GLOBAL_ACCENT_COLOR_NAME = AccentColor;
				CODE_SIGN_STYLE = Automatic;
				CURRENT_PROJECT_VERSION = 1000;
				DEVELOPMENT_TEAM = M88583872C;
				GENERATE_INFOPLIST_FILE = YES;
				INFOPLIST_FILE = "iOS (App)/Info.plist";
				INFOPLIST_KEY_CFBundleDisplayName = FreediumInSafari;
				INFOPLIST_KEY_LSApplicationCategoryType = "public.app-category.utilities";
				INFOPLIST_KEY_UIApplicationSupportsIndirectInputEvents = YES;
				INFOPLIST_KEY_UILaunchStoryboardName = LaunchScreen;
				INFOPLIST_KEY_UIMainStoryboardFile = Main;
				INFOPLIST_KEY_UISupportedInterfaceOrientations = "UIInterfaceOrientationPortrait UIInterfaceOrientationLandscapeLeft UIInterfaceOrientationLandscapeRight";
				INFOPLIST_KEY_UISupportedInterfaceOrientations_iPad = "UIInterfaceOrientationPortrait UIInterfaceOrientationPortraitUpsideDown UIInterfaceOrientationLandscapeLeft UIInterfaceOrientationLandscapeRight";
				IPHONEOS_DEPLOYMENT_TARGET = 15.0;
				LD_RUNPATH_SEARCH_PATHS = (
					"$(inherited)",
					"@executable_path/Frameworks",
				);
				MARKETING_VERSION = 1.0.0;
				OTHER_LDFLAGS = (
					"-framework",
					SafariServices,
					"-framework",
					WebKit,
				);
				PRODUCT_BUNDLE_IDENTIFIER = com.morganwang.freemediumpost;
				PRODUCT_NAME = FreediumInSafari;
				SDKROOT = iphoneos;
				SWIFT_EMIT_LOC_STRINGS = YES;
				SWIFT_VERSION = 5.0;
				TARGETED_DEVICE_FAMILY = "1,2";
			};
			name = Debug;
		};
		5AE112362C3F6CEF0077696F /* Release */ = {
			isa = XCBuildConfiguration;
			buildSettings = {
				ALWAYS_EMBED_SWIFT_STANDARD_LIBRARIES = YES;
				ASSETCATALOG_COMPILER_APPICON_NAME = AppIcon;
				ASSETCATALOG_COMPILER_GLOBAL_ACCENT_COLOR_NAME = AccentColor;
				CODE_SIGN_STYLE = Automatic;
				CURRENT_PROJECT_VERSION = 1000;
				DEVELOPMENT_TEAM = M88583872C;
				GENERATE_INFOPLIST_FILE = YES;
				INFOPLIST_FILE = "iOS (App)/Info.plist";
				INFOPLIST_KEY_CFBundleDisplayName = FreediumInSafari;
				INFOPLIST_KEY_LSApplicationCategoryType = "public.app-category.utilities";
				INFOPLIST_KEY_UIApplicationSupportsIndirectInputEvents = YES;
				INFOPLIST_KEY_UILaunchStoryboardName = LaunchScreen;
				INFOPLIST_KEY_UIMainStoryboardFile = Main;
				INFOPLIST_KEY_UISupportedInterfaceOrientations = "UIInterfaceOrientationPortrait UIInterfaceOrientationLandscapeLeft UIInterfaceOrientationLandscapeRight";
				INFOPLIST_KEY_UISupportedInterfaceOrientations_iPad = "UIInterfaceOrientationPortrait UIInterfaceOrientationPortraitUpsideDown UIInterfaceOrientationLandscapeLeft UIInterfaceOrientationLandscapeRight";
				IPHONEOS_DEPLOYMENT_TARGET = 15.0;
				LD_RUNPATH_SEARCH_PATHS = (
					"$(inherited)",
					"@executable_path/Frameworks",
				);
				MARKETING_VERSION = 1.0.0;
				OTHER_LDFLAGS = (
					"-framework",
					SafariServices,
					"-framework",
					WebKit,
				);
				PRODUCT_BUNDLE_IDENTIFIER = com.morganwang.freemediumpost;
				PRODUCT_NAME = FreediumInSafari;
				SDKROOT = iphoneos;
				SWIFT_EMIT_LOC_STRINGS = YES;
				SWIFT_VERSION = 5.0;
				TARGETED_DEVICE_FAMILY = "1,2";
				VALIDATE_PRODUCT = YES;
			};
			name = Release;
		};
		5AE112382C3F6CEF0077696F /* Debug */ = {
			isa = XCBuildConfiguration;
			buildSettings = {
				CODE_SIGN_ENTITLEMENTS = "macOS (Extension)/FreediumInSafari.entitlements";
				CODE_SIGN_STYLE = Automatic;
				CURRENT_PROJECT_VERSION = 1;
				DEVELOPMENT_TEAM = M88583872C;
				ENABLE_HARDENED_RUNTIME = YES;
				GENERATE_INFOPLIST_FILE = YES;
				INFOPLIST_FILE = "macOS (Extension)/Info.plist";
				INFOPLIST_KEY_CFBundleDisplayName = "FreediumInSafari Extension";
				INFOPLIST_KEY_NSHumanReadableCopyright = "";
				LD_RUNPATH_SEARCH_PATHS = (
					"$(inherited)",
					"@executable_path/../Frameworks",
					"@executable_path/../../../../Frameworks",
				);
				MACOSX_DEPLOYMENT_TARGET = 10.14;
				MARKETING_VERSION = 1.0;
				OTHER_LDFLAGS = (
					"-framework",
					SafariServices,
				);
				PRODUCT_BUNDLE_IDENTIFIER = com.morganwang.freemediumpost.Extension;
				PRODUCT_NAME = "FreediumInSafari Extension";
				SDKROOT = macosx;
				SKIP_INSTALL = YES;
				SWIFT_EMIT_LOC_STRINGS = YES;
				SWIFT_VERSION = 5.0;
			};
			name = Debug;
		};
		5AE112392C3F6CEF0077696F /* Release */ = {
			isa = XCBuildConfiguration;
			buildSettings = {
				CODE_SIGN_ENTITLEMENTS = "macOS (Extension)/FreediumInSafari.entitlements";
				CODE_SIGN_STYLE = Automatic;
				CURRENT_PROJECT_VERSION = 1;
				DEVELOPMENT_TEAM = M88583872C;
				ENABLE_HARDENED_RUNTIME = YES;
				GENERATE_INFOPLIST_FILE = YES;
				INFOPLIST_FILE = "macOS (Extension)/Info.plist";
				INFOPLIST_KEY_CFBundleDisplayName = "FreediumInSafari Extension";
				INFOPLIST_KEY_NSHumanReadableCopyright = "";
				LD_RUNPATH_SEARCH_PATHS = (
					"$(inherited)",
					"@executable_path/../Frameworks",
					"@executable_path/../../../../Frameworks",
				);
				MACOSX_DEPLOYMENT_TARGET = 10.14;
				MARKETING_VERSION = 1.0;
				OTHER_LDFLAGS = (
					"-framework",
					SafariServices,
				);
				PRODUCT_BUNDLE_IDENTIFIER = com.morganwang.freemediumpost.Extension;
				PRODUCT_NAME = "FreediumInSafari Extension";
				SDKROOT = macosx;
				SKIP_INSTALL = YES;
				SWIFT_EMIT_LOC_STRINGS = YES;
				SWIFT_VERSION = 5.0;
			};
			name = Release;
		};
		5AE1123C2C3F6CEF0077696F /* Debug */ = {
			isa = XCBuildConfiguration;
			buildSettings = {
				ALWAYS_EMBED_SWIFT_STANDARD_LIBRARIES = YES;
				ASSETCATALOG_COMPILER_APPICON_NAME = AppIcon;
				ASSETCATALOG_COMPILER_GLOBAL_ACCENT_COLOR_NAME = AccentColor;
				CODE_SIGN_ENTITLEMENTS = "macOS (App)/FreediumInSafari.entitlements";
				CODE_SIGN_STYLE = Automatic;
				CURRENT_PROJECT_VERSION = 1000;
				DEVELOPMENT_TEAM = M88583872C;
				ENABLE_HARDENED_RUNTIME = YES;
				GENERATE_INFOPLIST_FILE = YES;
				INFOPLIST_KEY_CFBundleDisplayName = FreediumInSafari;
				INFOPLIST_KEY_LSApplicationCategoryType = "public.app-category.utilities";
				INFOPLIST_KEY_NSMainStoryboardFile = Main;
				INFOPLIST_KEY_NSPrincipalClass = NSApplication;
				LD_RUNPATH_SEARCH_PATHS = (
					"$(inherited)",
					"@executable_path/../Frameworks",
				);
				MACOSX_DEPLOYMENT_TARGET = 10.14;
				MARKETING_VERSION = 1.0.0;
				OTHER_LDFLAGS = (
					"-framework",
					SafariServices,
					"-framework",
					WebKit,
				);
				PRODUCT_BUNDLE_IDENTIFIER = com.morganwang.freemediumpost;
				PRODUCT_NAME = FreediumInSafari;
				SDKROOT = macosx;
				SWIFT_EMIT_LOC_STRINGS = YES;
				SWIFT_VERSION = 5.0;
			};
			name = Debug;
		};
		5AE1123D2C3F6CEF0077696F /* Release */ = {
			isa = XCBuildConfiguration;
			buildSettings = {
				ALWAYS_EMBED_SWIFT_STANDARD_LIBRARIES = YES;
				ASSETCATALOG_COMPILER_APPICON_NAME = AppIcon;
				ASSETCATALOG_COMPILER_GLOBAL_ACCENT_COLOR_NAME = AccentColor;
				CODE_SIGN_ENTITLEMENTS = "macOS (App)/FreediumInSafari.entitlements";
				CODE_SIGN_STYLE = Automatic;
				CURRENT_PROJECT_VERSION = 1000;
				DEVELOPMENT_TEAM = M88583872C;
				ENABLE_HARDENED_RUNTIME = YES;
				GENERATE_INFOPLIST_FILE = YES;
				INFOPLIST_KEY_CFBundleDisplayName = FreediumInSafari;
				INFOPLIST_KEY_LSApplicationCategoryType = "public.app-category.utilities";
				INFOPLIST_KEY_NSMainStoryboardFile = Main;
				INFOPLIST_KEY_NSPrincipalClass = NSApplication;
				LD_RUNPATH_SEARCH_PATHS = (
					"$(inherited)",
					"@executable_path/../Frameworks",
				);
				MACOSX_DEPLOYMENT_TARGET = 10.14;
				MARKETING_VERSION = 1.0.0;
				OTHER_LDFLAGS = (
					"-framework",
					SafariServices,
					"-framework",
					WebKit,
				);
				PRODUCT_BUNDLE_IDENTIFIER = com.morganwang.freemediumpost;
				PRODUCT_NAME = FreediumInSafari;
				SDKROOT = macosx;
				SWIFT_EMIT_LOC_STRINGS = YES;
				SWIFT_VERSION = 5.0;
			};
			name = Release;
		};
/* End XCBuildConfiguration section */

/* Begin XCConfigurationList section */
		5AE111C82C3F6CEB0077696F /* Build configuration list for PBXProject "FreediumInSafari" */ = {
			isa = XCConfigurationList;
			buildConfigurations = (
				5AE1122E2C3F6CEF0077696F /* Debug */,
				5AE1122F2C3F6CEF0077696F /* Release */,
			);
			defaultConfigurationIsVisible = 0;
			defaultConfigurationName = Release;
		};
		5AE112302C3F6CEF0077696F /* Build configuration list for PBXNativeTarget "FreediumInSafari Extension (iOS)" */ = {
			isa = XCConfigurationList;
			buildConfigurations = (
				5AE112312C3F6CEF0077696F /* Debug */,
				5AE112322C3F6CEF0077696F /* Release */,
			);
			defaultConfigurationIsVisible = 0;
			defaultConfigurationName = Release;
		};
		5AE112342C3F6CEF0077696F /* Build configuration list for PBXNativeTarget "FreediumInSafari (iOS)" */ = {
			isa = XCConfigurationList;
			buildConfigurations = (
				5AE112352C3F6CEF0077696F /* Debug */,
				5AE112362C3F6CEF0077696F /* Release */,
			);
			defaultConfigurationIsVisible = 0;
			defaultConfigurationName = Release;
		};
		5AE112372C3F6CEF0077696F /* Build configuration list for PBXNativeTarget "FreediumInSafari Extension (macOS)" */ = {
			isa = XCConfigurationList;
			buildConfigurations = (
				5AE112382C3F6CEF0077696F /* Debug */,
				5AE112392C3F6CEF0077696F /* Release */,
			);
			defaultConfigurationIsVisible = 0;
			defaultConfigurationName = Release;
		};
		5AE1123B2C3F6CEF0077696F /* Build configuration list for PBXNativeTarget "FreediumInSafari (macOS)" */ = {
			isa = XCConfigurationList;
			buildConfigurations = (
				5AE1123C2C3F6CEF0077696F /* Debug */,
				5AE1123D2C3F6CEF0077696F /* Release */,
			);
			defaultConfigurationIsVisible = 0;
			defaultConfigurationName = Release;
		};
/* End XCConfigurationList section */
	};
	rootObject = 5AE111C52C3F6CEB0077696F /* Project object */;
}
